PODS:
  - AFNetworking (4.0.1):
    - AFNetworking/NSURLSession (= 4.0.1)
    - AFNetworking/Reachability (= 4.0.1)
    - AFNetworking/Security (= 4.0.1)
    - AFNetworking/Serialization (= 4.0.1)
    - AFNetworking/UIKit (= 4.0.1)
  - AFNetworking/NSURLSession (4.0.1):
    - AFNetworking/Reachability
    - AFNetworking/Security
    - AFNetworking/Serialization
  - AFNetworking/Reachability (4.0.1)
  - AFNetworking/Security (4.0.1)
  - AFNetworking/Serialization (4.0.1)
  - AFNetworking/UIKit (4.0.1):
    - AFNetworking/NSURLSession
  - Flutter (1.0.0)
  - flutter_txugcupload (0.0.1):
    - AFNetworking
    - Flutter

DEPENDENCIES:
  - Flutter (from `Flutter`)
  - flutter_txugcupload (from `.symlinks/plugins/flutter_txugcupload/ios`)

SPEC REPOS:
  trunk:
    - AFNetworking

EXTERNAL SOURCES:
  Flutter:
    :path: Flutter
  flutter_txugcupload:
    :path: ".symlinks/plugins/flutter_txugcupload/ios"

SPEC CHECKSUMS:
  AFNetworking: 7864c38297c79aaca1500c33288e429c3451fdce
  Flutter: 0e3d915762c693b495b44d77113d4970485de6ec
  flutter_txugcupload: fd4f7a2a99e5fe30e608bf6f4acf0e7408339816

PODFILE CHECKSUM: af2cf98658f4c9c71b8f85d03071e00e4fc704dc

COCOAPODS: 1.10.1
